
Microsoft Visual Studio Solution File, Format Version 12.00
# Visual Studio Version 17
VisualStudioVersion = 17.9.34723.18
MinimumVisualStudioVersion = 10.0.40219.1
Project("{9A19103F-16F7-4668-BE54-9A1E7A4F7556}") = "CompanyEmployees", "CompanyEmployees\CompanyEmployees.csproj", "{EB65C455-0DAB-4FD5-9B74-FE8237E10C1F}"
EndProject
Project("{9A19103F-16F7-4668-BE54-9A1E7A4F7556}") = "MiddlewareExample", "MiddlewareExample\MiddlewareExample.csproj", "{CBB53FCF-3587-4430-9239-263E754E6A43}"
EndProject
Project("{9A19103F-16F7-4668-BE54-9A1E7A4F7556}") = "Contracts", "Contracts\Contracts.csproj", "{682DB91B-C3EA-4844-A559-9CA2C201EF1C}"
EndProject
Project("{9A19103F-16F7-4668-BE54-9A1E7A4F7556}") = "LoggerService", "LoggerService\LoggerService.csproj", "{C8F2AF36-A4B7-4D2A-982F-D5E85F1DE569}"
EndProject
Project("{9A19103F-16F7-4668-BE54-9A1E7A4F7556}") = "Entities", "Entities\Entities.csproj", "{15775683-28F8-4369-A2C4-B2607B470DF7}"
EndProject
Project("{9A19103F-16F7-4668-BE54-9A1E7A4F7556}") = "Repository", "Repository\Repository.csproj", "{3926B5AE-9B20-4103-B676-06977CE5E476}"
EndProject
Project("{FAE04EC0-301F-11D3-BF4B-00C04F79EFBC}") = "Service.Contracts", "Service.Contracts\Service.Contracts.csproj", "{5DF3B672-DA77-49C5-B8CF-30E20E77F449}"
EndProject
Project("{FAE04EC0-301F-11D3-BF4B-00C04F79EFBC}") = "Service", "Service\Service.csproj", "{27279A60-7A3D-4C27-B363-0395019E02F3}"
EndProject
Global
	GlobalSection(SolutionConfigurationPlatforms) = preSolution
		Debug|Any CPU = Debug|Any CPU
		Release|Any CPU = Release|Any CPU
	EndGlobalSection
	GlobalSection(ProjectConfigurationPlatforms) = postSolution
		{EB65C455-0DAB-4FD5-9B74-FE8237E10C1F}.Debug|Any CPU.ActiveCfg = Debug|Any CPU
		{EB65C455-0DAB-4FD5-9B74-FE8237E10C1F}.Debug|Any CPU.Build.0 = Debug|Any CPU
		{EB65C455-0DAB-4FD5-9B74-FE8237E10C1F}.Release|Any CPU.ActiveCfg = Release|Any CPU
		{EB65C455-0DAB-4FD5-9B74-FE8237E10C1F}.Release|Any CPU.Build.0 = Release|Any CPU
		{CBB53FCF-3587-4430-9239-263E754E6A43}.Debug|Any CPU.ActiveCfg = Debug|Any CPU
		{CBB53FCF-3587-4430-9239-263E754E6A43}.Debug|Any CPU.Build.0 = Debug|Any CPU
		{CBB53FCF-3587-4430-9239-263E754E6A43}.Release|Any CPU.ActiveCfg = Release|Any CPU
		{CBB53FCF-3587-4430-9239-263E754E6A43}.Release|Any CPU.Build.0 = Release|Any CPU
		{682DB91B-C3EA-4844-A559-9CA2C201EF1C}.Debug|Any CPU.ActiveCfg = Debug|Any CPU
		{682DB91B-C3EA-4844-A559-9CA2C201EF1C}.Debug|Any CPU.Build.0 = Debug|Any CPU
		{682DB91B-C3EA-4844-A559-9CA2C201EF1C}.Release|Any CPU.ActiveCfg = Release|Any CPU
		{682DB91B-C3EA-4844-A559-9CA2C201EF1C}.Release|Any CPU.Build.0 = Release|Any CPU
		{C8F2AF36-A4B7-4D2A-982F-D5E85F1DE569}.Debug|Any CPU.ActiveCfg = Debug|Any CPU
		{C8F2AF36-A4B7-4D2A-982F-D5E85F1DE569}.Debug|Any CPU.Build.0 = Debug|Any CPU
		{C8F2AF36-A4B7-4D2A-982F-D5E85F1DE569}.Release|Any CPU.ActiveCfg = Release|Any CPU
		{C8F2AF36-A4B7-4D2A-982F-D5E85F1DE569}.Release|Any CPU.Build.0 = Release|Any CPU
		{15775683-28F8-4369-A2C4-B2607B470DF7}.Debug|Any CPU.ActiveCfg = Debug|Any CPU
		{15775683-28F8-4369-A2C4-B2607B470DF7}.Debug|Any CPU.Build.0 = Debug|Any CPU
		{15775683-28F8-4369-A2C4-B2607B470DF7}.Release|Any CPU.ActiveCfg = Release|Any CPU
		{15775683-28F8-4369-A2C4-B2607B470DF7}.Release|Any CPU.Build.0 = Release|Any CPU
		{3926B5AE-9B20-4103-B676-06977CE5E476}.Debug|Any CPU.ActiveCfg = Debug|Any CPU
		{3926B5AE-9B20-4103-B676-06977CE5E476}.Debug|Any CPU.Build.0 = Debug|Any CPU
		{3926B5AE-9B20-4103-B676-06977CE5E476}.Release|Any CPU.ActiveCfg = Release|Any CPU
		{3926B5AE-9B20-4103-B676-06977CE5E476}.Release|Any CPU.Build.0 = Release|Any CPU
		{5DF3B672-DA77-49C5-B8CF-30E20E77F449}.Debug|Any CPU.ActiveCfg = Debug|Any CPU
		{5DF3B672-DA77-49C5-B8CF-30E20E77F449}.Debug|Any CPU.Build.0 = Debug|Any CPU
		{5DF3B672-DA77-49C5-B8CF-30E20E77F449}.Release|Any CPU.ActiveCfg = Release|Any CPU
		{5DF3B672-DA77-49C5-B8CF-30E20E77F449}.Release|Any CPU.Build.0 = Release|Any CPU
		{27279A60-7A3D-4C27-B363-0395019E02F3}.Debug|Any CPU.ActiveCfg = Debug|Any CPU
		{27279A60-7A3D-4C27-B363-0395019E02F3}.Debug|Any CPU.Build.0 = Debug|Any CPU
		{27279A60-7A3D-4C27-B363-0395019E02F3}.Release|Any CPU.ActiveCfg = Release|Any CPU
		{27279A60-7A3D-4C27-B363-0395019E02F3}.Release|Any CPU.Build.0 = Release|Any CPU
	EndGlobalSection
	GlobalSection(SolutionProperties) = preSolution
		HideSolutionNode = FALSE
	EndGlobalSection
	GlobalSection(ExtensibilityGlobals) = postSolution
		SolutionGuid = {FCA477B7-980F-439E-90DB-1E8E97EC84DB}
	EndGlobalSection
EndGlobal
